
Microsoft Visual Studio Solution File, Format Version 12.00
# Visual Studio Version 17
VisualStudioVersion = 17.10.35013.160
MinimumVisualStudioVersion = 10.0.40219.1
Project("{9A19103F-16F7-4668-BE54-9A1E7A4F7556}") = "HamsterCombatAuto", "HamsterCombatAuto.csproj", "{32EE5A2B-A05F-41C1-9E5A-CAAF19C8561D}"
EndProject
Project("{54435603-DBB4-11D2-8724-00A0C9A8B90C}") = "HamsterUpgradeSetup", "..\HamsterUpgradeSetup\HamsterUpgradeSetup.vdproj", "{E93F820C-B9DC-4083-BE74-0A3DEB9EE96E}"
EndProject
Global
	GlobalSection(SolutionConfigurationPlatforms) = preSolution
		Debug|Any CPU = Debug|Any CPU
		Release|Any CPU = Release|Any CPU
	EndGlobalSection
	GlobalSection(ProjectConfigurationPlatforms) = postSolution
		{32EE5A2B-A05F-41C1-9E5A-CAAF19C8561D}.Debug|Any CPU.ActiveCfg = Debug|Any CPU
		{32EE5A2B-A05F-41C1-9E5A-CAAF19C8561D}.Debug|Any CPU.Build.0 = Debug|Any CPU
		{32EE5A2B-A05F-41C1-9E5A-CAAF19C8561D}.Release|Any CPU.ActiveCfg = Release|Any CPU
		{32EE5A2B-A05F-41C1-9E5A-CAAF19C8561D}.Release|Any CPU.Build.0 = Release|Any CPU
		{E93F820C-B9DC-4083-BE74-0A3DEB9EE96E}.Debug|Any CPU.ActiveCfg = Debug
		{E93F820C-B9DC-4083-BE74-0A3DEB9EE96E}.Release|Any CPU.ActiveCfg = Release
	EndGlobalSection
	GlobalSection(SolutionProperties) = preSolution
		HideSolutionNode = FALSE
	EndGlobalSection
	GlobalSection(ExtensibilityGlobals) = postSolution
		SolutionGuid = {EFC1CD28-56EB-4E88-8D6C-EBFBF672EAB6}
	EndGlobalSection
EndGlobal
